
Microsoft Visual Studio Solution File, Format Version 12.00
# Visual Studio 2012
Project("{FAE04EC0-301F-11D3-BF4B-00C04F79EFBC}") = "VisualizadorMvcAngular2", "VisualizadorMvcAngular2\VisualizadorMvcAngular2.csproj", "{7431DE19-FA7F-4D5C-AA32-68AF9F02F044}"
EndProject
Project("{FAE04EC0-301F-11D3-BF4B-00C04F79EFBC}") = "VisualizadorMvcAngular2.Tests", "VisualizadorMvcAngular2.Tests\VisualizadorMvcAngular2.Tests.csproj", "{D06A36F0-25C7-415F-B8F3-07CEE8A63FF3}"
EndProject
Global
	GlobalSection(SolutionConfigurationPlatforms) = preSolution
		Debug|Any CPU = Debug|Any CPU
		Release|Any CPU = Release|Any CPU
	EndGlobalSection
	GlobalSection(ProjectConfigurationPlatforms) = postSolution
		{7431DE19-FA7F-4D5C-AA32-68AF9F02F044}.Debug|Any CPU.ActiveCfg = Debug|Any CPU
		{7431DE19-FA7F-4D5C-AA32-68AF9F02F044}.Debug|Any CPU.Build.0 = Debug|Any CPU
		{7431DE19-FA7F-4D5C-AA32-68AF9F02F044}.Release|Any CPU.ActiveCfg = Release|Any CPU
		{7431DE19-FA7F-4D5C-AA32-68AF9F02F044}.Release|Any CPU.Build.0 = Release|Any CPU
		{D06A36F0-25C7-415F-B8F3-07CEE8A63FF3}.Debug|Any CPU.ActiveCfg = Debug|Any CPU
		{D06A36F0-25C7-415F-B8F3-07CEE8A63FF3}.Debug|Any CPU.Build.0 = Debug|Any CPU
		{D06A36F0-25C7-415F-B8F3-07CEE8A63FF3}.Release|Any CPU.ActiveCfg = Release|Any CPU
		{D06A36F0-25C7-415F-B8F3-07CEE8A63FF3}.Release|Any CPU.Build.0 = Release|Any CPU
	EndGlobalSection
	GlobalSection(SolutionProperties) = preSolution
		HideSolutionNode = FALSE
	EndGlobalSection
EndGlobal
